// !$*UTF8*$!
{
	archiveVersion = 1;
	classes = {
	};
	objectVersion = 56;
	objects = {

/* Begin PBXBuildFile section */
		2B0731502AE49AEE005B16EE /* AppColor.swift in Sources */ = {isa = PBXBuildFile; fileRef = 2B07314F2AE49AEE005B16EE /* AppColor.swift */; };
		2B57E7062AE741170013DB1B /* ModifyRecipeView.swift in Sources */ = {isa = PBXBuildFile; fileRef = 2B57E7052AE741170013DB1B /* ModifyRecipeView.swift */; };
		2B57E7222AE9A0CD0013DB1B /* ModifyMainInformationView.swift in Sources */ = {isa = PBXBuildFile; fileRef = 2B57E7212AE9A0CD0013DB1B /* ModifyMainInformationView.swift */; };
		2B57E7242AE9C8CE0013DB1B /* ModifyIngredientView.swift in Sources */ = {isa = PBXBuildFile; fileRef = 2B57E7232AE9C8CE0013DB1B /* ModifyIngredientView.swift */; };
		2B57E7262AE9D0AC0013DB1B /* ModifyIngredientsView.swift in Sources */ = {isa = PBXBuildFile; fileRef = 2B57E7252AE9D0AC0013DB1B /* ModifyIngredientsView.swift */; };
		2B57E7282AEC334C0013DB1B /* ModifyDirectionView.swift in Sources */ = {isa = PBXBuildFile; fileRef = 2B57E7272AEC334C0013DB1B /* ModifyDirectionView.swift */; };
		2B74818E2AE4BAFA0079EE62 /* RecipeCategoryGridView.swift in Sources */ = {isa = PBXBuildFile; fileRef = 2B74818D2AE4BAFA0079EE62 /* RecipeCategoryGridView.swift */; };
		2BF8B4132AE3496000ABCEB2 /* CookcademyApp.swift in Sources */ = {isa = PBXBuildFile; fileRef = 2BF8B4122AE3496000ABCEB2 /* CookcademyApp.swift */; };
		2BF8B4152AE3496000ABCEB2 /* RecipesListView.swift in Sources */ = {isa = PBXBuildFile; fileRef = 2BF8B4142AE3496000ABCEB2 /* RecipesListView.swift */; };
		2BF8B4172AE3496100ABCEB2 /* Assets.xcassets in Resources */ = {isa = PBXBuildFile; fileRef = 2BF8B4162AE3496100ABCEB2 /* Assets.xcassets */; };
		2BF8B41A2AE3496100ABCEB2 /* Preview Assets.xcassets in Resources */ = {isa = PBXBuildFile; fileRef = 2BF8B4192AE3496100ABCEB2 /* Preview Assets.xcassets */; };
		2BF8B4212AE34D2900ABCEB2 /* Recipe.swift in Sources */ = {isa = PBXBuildFile; fileRef = 2BF8B4202AE34D2900ABCEB2 /* Recipe.swift */; };
		2BF8B4432AE47D4800ABCEB2 /* RecipeData.swift in Sources */ = {isa = PBXBuildFile; fileRef = 2BF8B4422AE47D4800ABCEB2 /* RecipeData.swift */; };
		2BF8B4452AE48BCD00ABCEB2 /* RecipeDetailView.swift in Sources */ = {isa = PBXBuildFile; fileRef = 2BF8B4442AE48BCD00ABCEB2 /* RecipeDetailView.swift */; };
/* End PBXBuildFile section */

/* Begin PBXFileReference section */
		2B07314F2AE49AEE005B16EE /* AppColor.swift */ = {isa = PBXFileReference; lastKnownFileType = sourcecode.swift; path = AppColor.swift; sourceTree = "<group>"; };
		2B57E7052AE741170013DB1B /* ModifyRecipeView.swift */ = {isa = PBXFileReference; lastKnownFileType = sourcecode.swift; path = ModifyRecipeView.swift; sourceTree = "<group>"; };
		2B57E7212AE9A0CD0013DB1B /* ModifyMainInformationView.swift */ = {isa = PBXFileReference; lastKnownFileType = sourcecode.swift; path = ModifyMainInformationView.swift; sourceTree = "<group>"; };
		2B57E7232AE9C8CE0013DB1B /* ModifyIngredientView.swift */ = {isa = PBXFileReference; lastKnownFileType = sourcecode.swift; path = ModifyIngredientView.swift; sourceTree = "<group>"; };
		2B57E7252AE9D0AC0013DB1B /* ModifyIngredientsView.swift */ = {isa = PBXFileReference; lastKnownFileType = sourcecode.swift; path = ModifyIngredientsView.swift; sourceTree = "<group>"; };
		2B57E7272AEC334C0013DB1B /* ModifyDirectionView.swift */ = {isa = PBXFileReference; lastKnownFileType = sourcecode.swift; path = ModifyDirectionView.swift; sourceTree = "<group>"; };
		2B74818D2AE4BAFA0079EE62 /* RecipeCategoryGridView.swift */ = {isa = PBXFileReference; lastKnownFileType = sourcecode.swift; path = RecipeCategoryGridView.swift; sourceTree = "<group>"; };
		2BF8B40F2AE3496000ABCEB2 /* Cookcademy.app */ = {isa = PBXFileReference; explicitFileType = wrapper.application; includeInIndex = 0; path = Cookcademy.app; sourceTree = BUILT_PRODUCTS_DIR; };
		2BF8B4122AE3496000ABCEB2 /* CookcademyApp.swift */ = {isa = PBXFileReference; lastKnownFileType = sourcecode.swift; path = CookcademyApp.swift; sourceTree = "<group>"; };
		2BF8B4142AE3496000ABCEB2 /* RecipesListView.swift */ = {isa = PBXFileReference; lastKnownFileType = sourcecode.swift; path = RecipesListView.swift; sourceTree = "<group>"; };
		2BF8B4162AE3496100ABCEB2 /* Assets.xcassets */ = {isa = PBXFileReference; lastKnownFileType = folder.assetcatalog; path = Assets.xcassets; sourceTree = "<group>"; };
		2BF8B4192AE3496100ABCEB2 /* Preview Assets.xcassets */ = {isa = PBXFileReference; lastKnownFileType = folder.assetcatalog; path = "Preview Assets.xcassets"; sourceTree = "<group>"; };
		2BF8B4202AE34D2900ABCEB2 /* Recipe.swift */ = {isa = PBXFileReference; lastKnownFileType = sourcecode.swift; path = Recipe.swift; sourceTree = "<group>"; };
		2BF8B4422AE47D4800ABCEB2 /* RecipeData.swift */ = {isa = PBXFileReference; lastKnownFileType = sourcecode.swift; path = RecipeData.swift; sourceTree = "<group>"; };
		2BF8B4442AE48BCD00ABCEB2 /* RecipeDetailView.swift */ = {isa = PBXFileReference; lastKnownFileType = sourcecode.swift; path = RecipeDetailView.swift; sourceTree = "<group>"; };
/* End PBXFileReference section */

/* Begin PBXFrameworksBuildPhase section */
		2BF8B40C2AE3496000ABCEB2 /* Frameworks */ = {
			isa = PBXFrameworksBuildPhase;
			buildActionMask = 2147483647;
			files = (
			);
			runOnlyForDeploymentPostprocessing = 0;
		};
/* End PBXFrameworksBuildPhase section */

/* Begin PBXGroup section */
		2BB7C3152AE7406200DC3420 /* ExploreRecipes */ = {
			isa = PBXGroup;
			children = (
				2BF8B4142AE3496000ABCEB2 /* RecipesListView.swift */,
				2BF8B4442AE48BCD00ABCEB2 /* RecipeDetailView.swift */,
				2B74818D2AE4BAFA0079EE62 /* RecipeCategoryGridView.swift */,
			);
			path = ExploreRecipes;
			sourceTree = "<group>";
		};
		2BB7C3162AE7408300DC3420 /* ModifyRecipes */ = {
			isa = PBXGroup;
			children = (
				2B57E7052AE741170013DB1B /* ModifyRecipeView.swift */,
				2B57E7212AE9A0CD0013DB1B /* ModifyMainInformationView.swift */,
				2B57E7232AE9C8CE0013DB1B /* ModifyIngredientView.swift */,
				2B57E7252AE9D0AC0013DB1B /* ModifyIngredientsView.swift */,
				2B57E7272AEC334C0013DB1B /* ModifyDirectionView.swift */,
			);
			path = ModifyRecipes;
			sourceTree = "<group>";
		};
		2BF8B4062AE3496000ABCEB2 = {
			isa = PBXGroup;
			children = (
				2BF8B4112AE3496000ABCEB2 /* Cookcademy */,
				2BF8B4102AE3496000ABCEB2 /* Products */,
			);
			sourceTree = "<group>";
		};
		2BF8B4102AE3496000ABCEB2 /* Products */ = {
			isa = PBXGroup;
			children = (
				2BF8B40F2AE3496000ABCEB2 /* Cookcademy.app */,
			);
			name = Products;
			sourceTree = "<group>";
		};
		2BF8B4112AE3496000ABCEB2 /* Cookcademy */ = {
			isa = PBXGroup;
			children = (
				2BF8B4412AE478CE00ABCEB2 /* ViewModels */,
				2BF8B4402AE478C900ABCEB2 /* Views */,
				2BF8B43F2AE478C400ABCEB2 /* Models */,
				2BF8B4122AE3496000ABCEB2 /* CookcademyApp.swift */,
				2BF8B4162AE3496100ABCEB2 /* Assets.xcassets */,
				2BF8B4182AE3496100ABCEB2 /* Preview Content */,
			);
			path = Cookcademy;
			sourceTree = "<group>";
		};
		2BF8B4182AE3496100ABCEB2 /* Preview Content */ = {
			isa = PBXGroup;
			children = (
				2BF8B4192AE3496100ABCEB2 /* Preview Assets.xcassets */,
			);
			path = "Preview Content";
			sourceTree = "<group>";
		};
		2BF8B43F2AE478C400ABCEB2 /* Models */ = {
			isa = PBXGroup;
			children = (
				2BF8B4202AE34D2900ABCEB2 /* Recipe.swift */,
			);
			path = Models;
			sourceTree = "<group>";
		};
		2BF8B4402AE478C900ABCEB2 /* Views */ = {
			isa = PBXGroup;
			children = (
				2BB7C3162AE7408300DC3420 /* ModifyRecipes */,
				2BB7C3152AE7406200DC3420 /* ExploreRecipes */,
			);
			path = Views;
			sourceTree = "<group>";
		};
		2BF8B4412AE478CE00ABCEB2 /* ViewModels */ = {
			isa = PBXGroup;
			children = (
				2BF8B4422AE47D4800ABCEB2 /* RecipeData.swift */,
				2B07314F2AE49AEE005B16EE /* AppColor.swift */,
			);
			path = ViewModels;
			sourceTree = "<group>";
		};
/* End PBXGroup section */

/* Begin PBXNativeTarget section */
		2BF8B40E2AE3496000ABCEB2 /* Cookcademy */ = {
			isa = PBXNativeTarget;
			buildConfigurationList = 2BF8B41D2AE3496100ABCEB2 /* Build configuration list for PBXNativeTarget "Cookcademy" */;
			buildPhases = (
				2BF8B40B2AE3496000ABCEB2 /* Sources */,
				2BF8B40C2AE3496000ABCEB2 /* Frameworks */,
				2BF8B40D2AE3496000ABCEB2 /* Resources */,
			);
			buildRules = (
			);
			dependencies = (
			);
			name = Cookcademy;
			productName = Cookcademy;
			productReference = 2BF8B40F2AE3496000ABCEB2 /* Cookcademy.app */;
			productType = "com.apple.product-type.application";
		};
/* End PBXNativeTarget section */

/* Begin PBXProject section */
		2BF8B4072AE3496000ABCEB2 /* Project object */ = {
			isa = PBXProject;
			attributes = {
				BuildIndependentTargetsInParallel = 1;
				LastSwiftUpdateCheck = 1500;
				LastUpgradeCheck = 1500;
				TargetAttributes = {
					2BF8B40E2AE3496000ABCEB2 = {
						CreatedOnToolsVersion = 15.0.1;
					};
				};
			};
			buildConfigurationList = 2BF8B40A2AE3496000ABCEB2 /* Build configuration list for PBXProject "Cookcademy" */;
			compatibilityVersion = "Xcode 14.0";
			developmentRegion = en;
			hasScannedForEncodings = 0;
			knownRegions = (
				en,
				Base,
			);
			mainGroup = 2BF8B4062AE3496000ABCEB2;
			productRefGroup = 2BF8B4102AE3496000ABCEB2 /* Products */;
			projectDirPath = "";
			projectRoot = "";
			targets = (
				2BF8B40E2AE3496000ABCEB2 /* Cookcademy */,
			);
		};
/* End PBXProject section */

/* Begin PBXResourcesBuildPhase section */
		2BF8B40D2AE3496000ABCEB2 /* Resources */ = {
			isa = PBXResourcesBuildPhase;
			buildActionMask = 2147483647;
			files = (
				2BF8B41A2AE3496100ABCEB2 /* Preview Assets.xcassets in Resources */,
				2BF8B4172AE3496100ABCEB2 /* Assets.xcassets in Resources */,
			);
			runOnlyForDeploymentPostprocessing = 0;
		};
/* End PBXResourcesBuildPhase section */

/* Begin PBXSourcesBuildPhase section */
		2BF8B40B2AE3496000ABCEB2 /* Sources */ = {
			isa = PBXSourcesBuildPhase;
			buildActionMask = 2147483647;
			files = (
				2BF8B4212AE34D2900ABCEB2 /* Recipe.swift in Sources */,
				2BF8B4452AE48BCD00ABCEB2 /* RecipeDetailView.swift in Sources */,
				2B74818E2AE4BAFA0079EE62 /* RecipeCategoryGridView.swift in Sources */,
				2BF8B4432AE47D4800ABCEB2 /* RecipeData.swift in Sources */,
				2B57E7282AEC334C0013DB1B /* ModifyDirectionView.swift in Sources */,
				2B57E7062AE741170013DB1B /* ModifyRecipeView.swift in Sources */,
				2B57E7262AE9D0AC0013DB1B /* ModifyIngredientsView.swift in Sources */,
				2BF8B4152AE3496000ABCEB2 /* RecipesListView.swift in Sources */,
				2BF8B4132AE3496000ABCEB2 /* CookcademyApp.swift in Sources */,
				2B57E7222AE9A0CD0013DB1B /* ModifyMainInformationView.swift in Sources */,
				2B0731502AE49AEE005B16EE /* AppColor.swift in Sources */,
				2B57E7242AE9C8CE0013DB1B /* ModifyIngredientView.swift in Sources */,
			);
			runOnlyForDeploymentPostprocessing = 0;
		};
/* End PBXSourcesBuildPhase section */

/* Begin XCBuildConfiguration section */
		2BF8B41B2AE3496100ABCEB2 /* Debug */ = {
			isa = XCBuildConfiguration;
			buildSettings = {
				ALWAYS_SEARCH_USER_PATHS = NO;
				ASSETCATALOG_COMPILER_GENERATE_SWIFT_ASSET_SYMBOL_EXTENSIONS = YES;
				CLANG_ANALYZER_NONNULL = YES;
				CLANG_ANALYZER_NUMBER_OBJECT_CONVERSION = YES_AGGRESSIVE;
				CLANG_CXX_LANGUAGE_STANDARD = "gnu++20";
				CLANG_ENABLE_MODULES = YES;
				CLANG_ENABLE_OBJC_ARC = YES;
				CLANG_ENABLE_OBJC_WEAK = YES;
				CLANG_WARN_BLOCK_CAPTURE_AUTORELEASING = YES;
				CLANG_WARN_BOOL_CONVERSION = YES;
				CLANG_WARN_COMMA = YES;
				CLANG_WARN_CONSTANT_CONVERSION = YES;
				CLANG_WARN_DEPRECATED_OBJC_IMPLEMENTATIONS = YES;
				CLANG_WARN_DIRECT_OBJC_ISA_USAGE = YES_ERROR;
				CLANG_WARN_DOCUMENTATION_COMMENTS = YES;
				CLANG_WARN_EMPTY_BODY = YES;
				CLANG_WARN_ENUM_CONVERSION = YES;
				CLANG_WARN_INFINITE_RECURSION = YES;
				CLANG_WARN_INT_CONVERSION = YES;
				CLANG_WARN_NON_LITERAL_NULL_CONVERSION = YES;
				CLANG_WARN_OBJC_IMPLICIT_RETAIN_SELF = YES;
				CLANG_WARN_OBJC_LITERAL_CONVERSION = YES;
				CLANG_WARN_OBJC_ROOT_CLASS = YES_ERROR;
				CLANG_WARN_QUOTED_INCLUDE_IN_FRAMEWORK_HEADER = YES;
				CLANG_WARN_RANGE_LOOP_ANALYSIS = YES;
				CLANG_WARN_STRICT_PROTOTYPES = YES;
				CLANG_WARN_SUSPICIOUS_MOVE = YES;
				CLANG_WARN_UNGUARDED_AVAILABILITY = YES_AGGRESSIVE;
				CLANG_WARN_UNREACHABLE_CODE = YES;
				CLANG_WARN__DUPLICATE_METHOD_MATCH = YES;
				COPY_PHASE_STRIP = NO;
				DEBUG_INFORMATION_FORMAT = dwarf;
				ENABLE_STRICT_OBJC_MSGSEND = YES;
				ENABLE_TESTABILITY = YES;
				ENABLE_USER_SCRIPT_SANDBOXING = YES;
				GCC_C_LANGUAGE_STANDARD = gnu17;
				GCC_DYNAMIC_NO_PIC = NO;
				GCC_NO_COMMON_BLOCKS = YES;
				GCC_OPTIMIZATION_LEVEL = 0;
				GCC_PREPROCESSOR_DEFINITIONS = (
					"DEBUG=1",
					"$(inherited)",
				);
				GCC_WARN_64_TO_32_BIT_CONVERSION = YES;
				GCC_WARN_ABOUT_RETURN_TYPE = YES_ERROR;
				GCC_WARN_UNDECLARED_SELECTOR = YES;
				GCC_WARN_UNINITIALIZED_AUTOS = YES_AGGRESSIVE;
				GCC_WARN_UNUSED_FUNCTION = YES;
				GCC_WARN_UNUSED_VARIABLE = YES;
				IPHONEOS_DEPLOYMENT_TARGET = 17.0;
				LOCALIZATION_PREFERS_STRING_CATALOGS = YES;
				MTL_ENABLE_DEBUG_INFO = INCLUDE_SOURCE;
				MTL_FAST_MATH = YES;
				ONLY_ACTIVE_ARCH = YES;
				SDKROOT = iphoneos;
				SWIFT_ACTIVE_COMPILATION_CONDITIONS = "DEBUG $(inherited)";
				SWIFT_OPTIMIZATION_LEVEL = "-Onone";
			};
			name = Debug;
		};
		2BF8B41C2AE3496100ABCEB2 /* Release */ = {
			isa = XCBuildConfiguration;
			buildSettings = {
				ALWAYS_SEARCH_USER_PATHS = NO;
				ASSETCATALOG_COMPILER_GENERATE_SWIFT_ASSET_SYMBOL_EXTENSIONS = YES;
				CLANG_ANALYZER_NONNULL = YES;
				CLANG_ANALYZER_NUMBER_OBJECT_CONVERSION = YES_AGGRESSIVE;
				CLANG_CXX_LANGUAGE_STANDARD = "gnu++20";
				CLANG_ENABLE_MODULES = YES;
				CLANG_ENABLE_OBJC_ARC = YES;
				CLANG_ENABLE_OBJC_WEAK = YES;
				CLANG_WARN_BLOCK_CAPTURE_AUTORELEASING = YES;
				CLANG_WARN_BOOL_CONVERSION = YES;
				CLANG_WARN_COMMA = YES;
				CLANG_WARN_CONSTANT_CONVERSION = YES;
				CLANG_WARN_DEPRECATED_OBJC_IMPLEMENTATIONS = YES;
				CLANG_WARN_DIRECT_OBJC_ISA_USAGE = YES_ERROR;
				CLANG_WARN_DOCUMENTATION_COMMENTS = YES;
				CLANG_WARN_EMPTY_BODY = YES;
				CLANG_WARN_ENUM_CONVERSION = YES;
				CLANG_WARN_INFINITE_RECURSION = YES;
				CLANG_WARN_INT_CONVERSION = YES;
				CLANG_WARN_NON_LITERAL_NULL_CONVERSION = YES;
				CLANG_WARN_OBJC_IMPLICIT_RETAIN_SELF = YES;
				CLANG_WARN_OBJC_LITERAL_CONVERSION = YES;
				CLANG_WARN_OBJC_ROOT_CLASS = YES_ERROR;
				CLANG_WARN_QUOTED_INCLUDE_IN_FRAMEWORK_HEADER = YES;
				CLANG_WARN_RANGE_LOOP_ANALYSIS = YES;
				CLANG_WARN_STRICT_PROTOTYPES = YES;
				CLANG_WARN_SUSPICIOUS_MOVE = YES;
				CLANG_WARN_UNGUARDED_AVAILABILITY = YES_AGGRESSIVE;
				CLANG_WARN_UNREACHABLE_CODE = YES;
				CLANG_WARN__DUPLICATE_METHOD_MATCH = YES;
				COPY_PHASE_STRIP = NO;
				DEBUG_INFORMATION_FORMAT = "dwarf-with-dsym";
				ENABLE_NS_ASSERTIONS = NO;
				ENABLE_STRICT_OBJC_MSGSEND = YES;
				ENABLE_USER_SCRIPT_SANDBOXING = YES;
				GCC_C_LANGUAGE_STANDARD = gnu17;
				GCC_NO_COMMON_BLOCKS = YES;
				GCC_WARN_64_TO_32_BIT_CONVERSION = YES;
				GCC_WARN_ABOUT_RETURN_TYPE = YES_ERROR;
				GCC_WARN_UNDECLARED_SELECTOR = YES;
				GCC_WARN_UNINITIALIZED_AUTOS = YES_AGGRESSIVE;
				GCC_WARN_UNUSED_FUNCTION = YES;
				GCC_WARN_UNUSED_VARIABLE = YES;
				IPHONEOS_DEPLOYMENT_TARGET = 17.0;
				LOCALIZATION_PREFERS_STRING_CATALOGS = YES;
				MTL_ENABLE_DEBUG_INFO = NO;
				MTL_FAST_MATH = YES;
				SDKROOT = iphoneos;
				SWIFT_COMPILATION_MODE = wholemodule;
				VALIDATE_PRODUCT = YES;
			};
			name = Release;
		};
		2BF8B41E2AE3496100ABCEB2 /* Debug */ = {
			isa = XCBuildConfiguration;
			buildSettings = {
				ASSETCATALOG_COMPILER_APPICON_NAME = AppIcon;
				ASSETCATALOG_COMPILER_GLOBAL_ACCENT_COLOR_NAME = AccentColor;
				CODE_SIGN_STYLE = Automatic;
				CURRENT_PROJECT_VERSION = 1;
				DEVELOPMENT_ASSET_PATHS = "\"Cookcademy/Preview Content\"";
				DEVELOPMENT_TEAM = KB82824ZMA;
				ENABLE_PREVIEWS = YES;
				GENERATE_INFOPLIST_FILE = YES;
				INFOPLIST_KEY_UIApplicationSceneManifest_Generation = YES;
				INFOPLIST_KEY_UIApplicationSupportsIndirectInputEvents = YES;
				INFOPLIST_KEY_UILaunchScreen_Generation = YES;
				INFOPLIST_KEY_UISupportedInterfaceOrientations_iPad = "UIInterfaceOrientationPortrait UIInterfaceOrientationPortraitUpsideDown UIInterfaceOrientationLandscapeLeft UIInterfaceOrientationLandscapeRight";
				INFOPLIST_KEY_UISupportedInterfaceOrientations_iPhone = "UIInterfaceOrientationPortrait UIInterfaceOrientationLandscapeLeft UIInterfaceOrientationLandscapeRight";
				LD_RUNPATH_SEARCH_PATHS = (
					"$(inherited)",
					"@executable_path/Frameworks",
				);
				MARKETING_VERSION = 1.0;
				PRODUCT_BUNDLE_IDENTIFIER = com.wesley.Cookcademy;
				PRODUCT_NAME = "$(TARGET_NAME)";
				SWIFT_EMIT_LOC_STRINGS = YES;
				SWIFT_VERSION = 5.0;
				TARGETED_DEVICE_FAMILY = "1,2";
			};
			name = Debug;
		};
		2BF8B41F2AE3496100ABCEB2 /* Release */ = {
			isa = XCBuildConfiguration;
			buildSettings = {
				ASSETCATALOG_COMPILER_APPICON_NAME = AppIcon;
				ASSETCATALOG_COMPILER_GLOBAL_ACCENT_COLOR_NAME = AccentColor;
				CODE_SIGN_STYLE = Automatic;
				CURRENT_PROJECT_VERSION = 1;
				DEVELOPMENT_ASSET_PATHS = "\"Cookcademy/Preview Content\"";
				DEVELOPMENT_TEAM = KB82824ZMA;
				ENABLE_PREVIEWS = YES;
				GENERATE_INFOPLIST_FILE = YES;
				INFOPLIST_KEY_UIApplicationSceneManifest_Generation = YES;
				INFOPLIST_KEY_UIApplicationSupportsIndirectInputEvents = YES;
				INFOPLIST_KEY_UILaunchScreen_Generation = YES;
				INFOPLIST_KEY_UISupportedInterfaceOrientations_iPad = "UIInterfaceOrientationPortrait UIInterfaceOrientationPortraitUpsideDown UIInterfaceOrientationLandscapeLeft UIInterfaceOrientationLandscapeRight";
				INFOPLIST_KEY_UISupportedInterfaceOrientations_iPhone = "UIInterfaceOrientationPortrait UIInterfaceOrientationLandscapeLeft UIInterfaceOrientationLandscapeRight";
				LD_RUNPATH_SEARCH_PATHS = (
					"$(inherited)",
					"@executable_path/Frameworks",
				);
				MARKETING_VERSION = 1.0;
				PRODUCT_BUNDLE_IDENTIFIER = com.wesley.Cookcademy;
				PRODUCT_NAME = "$(TARGET_NAME)";
				SWIFT_EMIT_LOC_STRINGS = YES;
				SWIFT_VERSION = 5.0;
				TARGETED_DEVICE_FAMILY = "1,2";
			};
			name = Release;
		};
/* End XCBuildConfiguration section */

/* Begin XCConfigurationList section */
		2BF8B40A2AE3496000ABCEB2 /* Build configuration list for PBXProject "Cookcademy" */ = {
			isa = XCConfigurationList;
			buildConfigurations = (
				2BF8B41B2AE3496100ABCEB2 /* Debug */,
				2BF8B41C2AE3496100ABCEB2 /* Release */,
			);
			defaultConfigurationIsVisible = 0;
			defaultConfigurationName = Release;
		};
		2BF8B41D2AE3496100ABCEB2 /* Build configuration list for PBXNativeTarget "Cookcademy" */ = {
			isa = XCConfigurationList;
			buildConfigurations = (
				2BF8B41E2AE3496100ABCEB2 /* Debug */,
				2BF8B41F2AE3496100ABCEB2 /* Release */,
			);
			defaultConfigurationIsVisible = 0;
			defaultConfigurationName = Release;
		};
/* End XCConfigurationList section */
	};
	rootObject = 2BF8B4072AE3496000ABCEB2 /* Project object */;
}
